
Microsoft Visual Studio Solution File, Format Version 12.00
# Visual Studio Version 17
VisualStudioVersion = 17.9.34622.214
MinimumVisualStudioVersion = 10.0.40219.1
Project("{FAE04EC0-301F-11D3-BF4B-00C04F79EFBC}") = "PropertyManagementSystem", "PropertyManagementSystem.csproj", "{48104617-DBF2-41CE-A06F-ADA335106FFC}"
EndProject
Global
	GlobalSection(SolutionConfigurationPlatforms) = preSolution
		Debug|Any CPU = Debug|Any CPU
		Release|Any CPU = Release|Any CPU
	EndGlobalSection
	GlobalSection(ProjectConfigurationPlatforms) = postSolution
		{48104617-DBF2-41CE-A06F-ADA335106FFC}.Debug|Any CPU.ActiveCfg = Debug|Any CPU
		{48104617-DBF2-41CE-A06F-ADA335106FFC}.Debug|Any CPU.Build.0 = Debug|Any CPU
		{48104617-DBF2-41CE-A06F-ADA335106FFC}.Release|Any CPU.ActiveCfg = Release|Any CPU
		{48104617-DBF2-41CE-A06F-ADA335106FFC}.Release|Any CPU.Build.0 = Release|Any CPU
	EndGlobalSection
	GlobalSection(SolutionProperties) = preSolution
		HideSolutionNode = FALSE
	EndGlobalSection
	GlobalSection(ExtensibilityGlobals) = postSolution
		SolutionGuid = {4C1C9A3D-ABBE-4C1B-A961-A8B0B5A0F0B9}
	EndGlobalSection
EndGlobal
